
Microsoft Visual Studio Solution File, Format Version 11.00
# Visual Studio 2010
Project("{8BC9CEB8-8B4A-11D0-8D11-00A0C91BC942}") = "ConcentricCircle", "ConcentricCircle\ConcentricCircle.vcxproj", "{E1286726-2DEA-4053-BD06-62A5A055AAEE}"
EndProject
Global
	GlobalSection(SolutionConfigurationPlatforms) = preSolution
		Debug|Win32 = Debug|Win32
		Release|Win32 = Release|Win32
	EndGlobalSection
	GlobalSection(ProjectConfigurationPlatforms) = postSolution
		{E1286726-2DEA-4053-BD06-62A5A055AAEE}.Debug|Win32.ActiveCfg = Debug|Win32
		{E1286726-2DEA-4053-BD06-62A5A055AAEE}.Debug|Win32.Build.0 = Debug|Win32
		{E1286726-2DEA-4053-BD06-62A5A055AAEE}.Release|Win32.ActiveCfg = Release|Win32
		{E1286726-2DEA-4053-BD06-62A5A055AAEE}.Release|Win32.Build.0 = Release|Win32
	EndGlobalSection
	GlobalSection(SolutionProperties) = preSolution
		HideSolutionNode = FALSE
	EndGlobalSection
EndGlobal
